// !$*UTF8*$!
{
	archiveVersion = 1;
	classes = {
	};
	objectVersion = 45;
	objects = {

/* Begin PBXBuildFile section */
		1D3623260D0F684500981E51 /* AugmentedMPNAppDelegate.m in Sources */ = {isa = PBXBuildFile; fileRef = 1D3623250D0F684500981E51 /* AugmentedMPNAppDelegate.m */; };
		1D60589B0D05DD56006BFB54 /* main.m in Sources */ = {isa = PBXBuildFile; fileRef = 29B97316FDCFA39411CA2CEA /* main.m */; };
		1D60589F0D05DD5A006BFB54 /* Foundation.framework in Frameworks */ = {isa = PBXBuildFile; fileRef = 1D30AB110D05D00D00671497 /* Foundation.framework */; };
		1DF5F4E00D08C38300B7A737 /* UIKit.framework in Frameworks */ = {isa = PBXBuildFile; fileRef = 1DF5F4DF0D08C38300B7A737 /* UIKit.framework */; };
		280E754F0DD40C5E005A515E /* MainWindow.xib in Resources */ = {isa = PBXBuildFile; fileRef = 280E754C0DD40C5E005A515E /* MainWindow.xib */; };
		288765590DF743DE002DB57D /* CoreGraphics.framework in Frameworks */ = {isa = PBXBuildFile; fileRef = 288765580DF743DE002DB57D /* CoreGraphics.framework */; };
		289233A60DB2D0840083E9F9 /* FlipsideView.m in Sources */ = {isa = PBXBuildFile; fileRef = 289233A30DB2D0840083E9F9 /* FlipsideView.m */; };
		289233A70DB2D0840083E9F9 /* MainView.m in Sources */ = {isa = PBXBuildFile; fileRef = 289233A50DB2D0840083E9F9 /* MainView.m */; };
		F43B4CC41110331E00C312F4 /* MapViewController.m in Sources */ = {isa = PBXBuildFile; fileRef = F43B4CC21110331E00C312F4 /* MapViewController.m */; };
		F43B4CC81110334800C312F4 /* MapView.m in Sources */ = {isa = PBXBuildFile; fileRef = F43B4CC71110334800C312F4 /* MapView.m */; };
		F43B4D00111033CA00C312F4 /* AugmentedViewController.m in Sources */ = {isa = PBXBuildFile; fileRef = F43B4CFE111033CA00C312F4 /* AugmentedViewController.m */; };
		F43B4D01111033CA00C312F4 /* AugmentedView.xib in Resources */ = {isa = PBXBuildFile; fileRef = F43B4CFF111033CA00C312F4 /* AugmentedView.xib */; };
		F43B4D04111033D800C312F4 /* AugmentedView.m in Sources */ = {isa = PBXBuildFile; fileRef = F43B4D03111033D800C312F4 /* AugmentedView.m */; };
		F43B4DDC111048D600C312F4 /* MapView.xib in Resources */ = {isa = PBXBuildFile; fileRef = F43B4DDB111048D600C312F4 /* MapView.xib */; };
		F43B4DE811104AF900C312F4 /* MapKit.framework in Frameworks */ = {isa = PBXBuildFile; fileRef = F43B4DE711104AF900C312F4 /* MapKit.framework */; };
		F43B4E871110725E00C312F4 /* QuartzCore.framework in Frameworks */ = {isa = PBXBuildFile; fileRef = F43B4E861110725E00C312F4 /* QuartzCore.framework */; };
		F441737E110F221D00CBFE29 /* FlipsideView.xib in Resources */ = {isa = PBXBuildFile; fileRef = F441737C110F221D00CBFE29 /* FlipsideView.xib */; };
		F441737F110F221D00CBFE29 /* MainView.xib in Resources */ = {isa = PBXBuildFile; fileRef = F441737D110F221D00CBFE29 /* MainView.xib */; };
		F441738C110F232600CBFE29 /* MainViewController.m in Sources */ = {isa = PBXBuildFile; fileRef = F441738B110F232600CBFE29 /* MainViewController.m */; };
		F44173DA110F252C00CBFE29 /* FlipsideViewController.m in Sources */ = {isa = PBXBuildFile; fileRef = F44173D9110F252C00CBFE29 /* FlipsideViewController.m */; };
		F4417462110F365A00CBFE29 /* NSObject+SBJSON.m in Sources */ = {isa = PBXBuildFile; fileRef = F4417457110F365A00CBFE29 /* NSObject+SBJSON.m */; };
		F4417463110F365A00CBFE29 /* NSString+SBJSON.m in Sources */ = {isa = PBXBuildFile; fileRef = F4417459110F365A00CBFE29 /* NSString+SBJSON.m */; };
		F4417464110F365A00CBFE29 /* SBJSON.m in Sources */ = {isa = PBXBuildFile; fileRef = F441745B110F365A00CBFE29 /* SBJSON.m */; };
		F4417465110F365A00CBFE29 /* SBJsonBase.m in Sources */ = {isa = PBXBuildFile; fileRef = F441745D110F365A00CBFE29 /* SBJsonBase.m */; };
		F4417466110F365A00CBFE29 /* SBJsonParser.m in Sources */ = {isa = PBXBuildFile; fileRef = F441745F110F365A00CBFE29 /* SBJsonParser.m */; };
		F4417467110F365A00CBFE29 /* SBJsonWriter.m in Sources */ = {isa = PBXBuildFile; fileRef = F4417461110F365A00CBFE29 /* SBJsonWriter.m */; };
		F44F3A8A11185C8900AA2B22 /* AddressAnnotation.m in Sources */ = {isa = PBXBuildFile; fileRef = F44F3A8911185C8900AA2B22 /* AddressAnnotation.m */; };
		F44F3A9E11185CF800AA2B22 /* CoreLocation.framework in Frameworks */ = {isa = PBXBuildFile; fileRef = F44F3A9D11185CF800AA2B22 /* CoreLocation.framework */; };
/* End PBXBuildFile section */

/* Begin PBXFileReference section */
		1D30AB110D05D00D00671497 /* Foundation.framework */ = {isa = PBXFileReference; lastKnownFileType = wrapper.framework; name = Foundation.framework; path = System/Library/Frameworks/Foundation.framework; sourceTree = SDKROOT; };
		1D3623240D0F684500981E51 /* AugmentedMPNAppDelegate.h */ = {isa = PBXFileReference; fileEncoding = 4; lastKnownFileType = sourcecode.c.h; path = AugmentedMPNAppDelegate.h; sourceTree = "<group>"; };
		1D3623250D0F684500981E51 /* AugmentedMPNAppDelegate.m */ = {isa = PBXFileReference; fileEncoding = 4; lastKnownFileType = sourcecode.c.objc; path = AugmentedMPNAppDelegate.m; sourceTree = "<group>"; };
		1D6058910D05DD3D006BFB54 /* AugmentedMPN.app */ = {isa = PBXFileReference; explicitFileType = wrapper.application; includeInIndex = 0; path = AugmentedMPN.app; sourceTree = BUILT_PRODUCTS_DIR; };
		1DF5F4DF0D08C38300B7A737 /* UIKit.framework */ = {isa = PBXFileReference; lastKnownFileType = wrapper.framework; name = UIKit.framework; path = System/Library/Frameworks/UIKit.framework; sourceTree = SDKROOT; };
		280E754C0DD40C5E005A515E /* MainWindow.xib */ = {isa = PBXFileReference; lastKnownFileType = file.xib; path = MainWindow.xib; sourceTree = "<group>"; };
		288765580DF743DE002DB57D /* CoreGraphics.framework */ = {isa = PBXFileReference; lastKnownFileType = wrapper.framework; name = CoreGraphics.framework; path = System/Library/Frameworks/CoreGraphics.framework; sourceTree = SDKROOT; };
		289233A20DB2D0840083E9F9 /* FlipsideView.h */ = {isa = PBXFileReference; fileEncoding = 4; lastKnownFileType = sourcecode.c.h; name = FlipsideView.h; path = Classes/FlipsideView.h; sourceTree = "<group>"; };
		289233A30DB2D0840083E9F9 /* FlipsideView.m */ = {isa = PBXFileReference; fileEncoding = 4; lastKnownFileType = sourcecode.c.objc; name = FlipsideView.m; path = Classes/FlipsideView.m; sourceTree = "<group>"; };
		289233A40DB2D0840083E9F9 /* MainView.h */ = {isa = PBXFileReference; fileEncoding = 4; lastKnownFileType = sourcecode.c.h; name = MainView.h; path = Classes/MainView.h; sourceTree = "<group>"; };
		289233A50DB2D0840083E9F9 /* MainView.m */ = {isa = PBXFileReference; fileEncoding = 4; lastKnownFileType = sourcecode.c.objc; name = MainView.m; path = Classes/MainView.m; sourceTree = "<group>"; };
		29B97316FDCFA39411CA2CEA /* main.m */ = {isa = PBXFileReference; fileEncoding = 4; lastKnownFileType = sourcecode.c.objc; path = main.m; sourceTree = "<group>"; };
		8D1107310486CEB800E47090 /* AugmentedMPN-Info.plist */ = {isa = PBXFileReference; fileEncoding = 4; lastKnownFileType = text.plist.xml; path = "AugmentedMPN-Info.plist"; plistStructureDefinitionIdentifier = "com.apple.xcode.plist.structure-definition.iphone.info-plist"; sourceTree = "<group>"; };
		F43B4CC11110331E00C312F4 /* MapViewController.h */ = {isa = PBXFileReference; fileEncoding = 4; lastKnownFileType = sourcecode.c.h; path = MapViewController.h; sourceTree = "<group>"; };
		F43B4CC21110331E00C312F4 /* MapViewController.m */ = {isa = PBXFileReference; fileEncoding = 4; lastKnownFileType = sourcecode.c.objc; path = MapViewController.m; sourceTree = "<group>"; };
		F43B4CC61110334800C312F4 /* MapView.h */ = {isa = PBXFileReference; fileEncoding = 4; lastKnownFileType = sourcecode.c.h; path = MapView.h; sourceTree = "<group>"; };
		F43B4CC71110334800C312F4 /* MapView.m */ = {isa = PBXFileReference; fileEncoding = 4; lastKnownFileType = sourcecode.c.objc; path = MapView.m; sourceTree = "<group>"; };
		F43B4CFD111033CA00C312F4 /* AugmentedViewController.h */ = {isa = PBXFileReference; fileEncoding = 4; lastKnownFileType = sourcecode.c.h; path = AugmentedViewController.h; sourceTree = "<group>"; };
		F43B4CFE111033CA00C312F4 /* AugmentedViewController.m */ = {isa = PBXFileReference; fileEncoding = 4; lastKnownFileType = sourcecode.c.objc; path = AugmentedViewController.m; sourceTree = "<group>"; };
		F43B4CFF111033CA00C312F4 /* AugmentedView.xib */ = {isa = PBXFileReference; lastKnownFileType = file.xib; path = AugmentedView.xib; sourceTree = "<group>"; };
		F43B4D02111033D800C312F4 /* AugmentedView.h */ = {isa = PBXFileReference; fileEncoding = 4; lastKnownFileType = sourcecode.c.h; path = AugmentedView.h; sourceTree = "<group>"; };
		F43B4D03111033D800C312F4 /* AugmentedView.m */ = {isa = PBXFileReference; fileEncoding = 4; lastKnownFileType = sourcecode.c.objc; path = AugmentedView.m; sourceTree = "<group>"; };
		F43B4DDB111048D600C312F4 /* MapView.xib */ = {isa = PBXFileReference; lastKnownFileType = file.xib; path = MapView.xib; sourceTree = "<group>"; };
		F43B4DE711104AF900C312F4 /* MapKit.framework */ = {isa = PBXFileReference; lastKnownFileType = wrapper.framework; name = MapKit.framework; path = System/Library/Frameworks/MapKit.framework; sourceTree = SDKROOT; };
		F43B4E861110725E00C312F4 /* QuartzCore.framework */ = {isa = PBXFileReference; lastKnownFileType = wrapper.framework; name = QuartzCore.framework; path = System/Library/Frameworks/QuartzCore.framework; sourceTree = SDKROOT; };
		F441737C110F221D00CBFE29 /* FlipsideView.xib */ = {isa = PBXFileReference; lastKnownFileType = file.xib; path = FlipsideView.xib; sourceTree = "<group>"; };
		F441737D110F221D00CBFE29 /* MainView.xib */ = {isa = PBXFileReference; lastKnownFileType = file.xib; path = MainView.xib; sourceTree = "<group>"; };
		F441738A110F232600CBFE29 /* MainViewController.h */ = {isa = PBXFileReference; fileEncoding = 4; lastKnownFileType = sourcecode.c.h; name = MainViewController.h; path = Classes/MainViewController.h; sourceTree = "<group>"; };
		F441738B110F232600CBFE29 /* MainViewController.m */ = {isa = PBXFileReference; fileEncoding = 4; lastKnownFileType = sourcecode.c.objc; name = MainViewController.m; path = Classes/MainViewController.m; sourceTree = "<group>"; };
		F44173D8110F252C00CBFE29 /* FlipsideViewController.h */ = {isa = PBXFileReference; fileEncoding = 4; lastKnownFileType = sourcecode.c.h; name = FlipsideViewController.h; path = Classes/FlipsideViewController.h; sourceTree = "<group>"; };
		F44173D9110F252C00CBFE29 /* FlipsideViewController.m */ = {isa = PBXFileReference; fileEncoding = 4; lastKnownFileType = sourcecode.c.objc; name = FlipsideViewController.m; path = Classes/FlipsideViewController.m; sourceTree = "<group>"; };
		F4417439110F31FF00CBFE29 /* AugmentedMPN_Prefix.pch */ = {isa = PBXFileReference; fileEncoding = 4; lastKnownFileType = sourcecode.c.h; path = AugmentedMPN_Prefix.pch; sourceTree = "<group>"; };
		F4417455110F365A00CBFE29 /* JSON.h */ = {isa = PBXFileReference; fileEncoding = 4; lastKnownFileType = sourcecode.c.h; path = JSON.h; sourceTree = "<group>"; };
		F4417456110F365A00CBFE29 /* NSObject+SBJSON.h */ = {isa = PBXFileReference; fileEncoding = 4; lastKnownFileType = sourcecode.c.h; path = "NSObject+SBJSON.h"; sourceTree = "<group>"; };
		F4417457110F365A00CBFE29 /* NSObject+SBJSON.m */ = {isa = PBXFileReference; fileEncoding = 4; lastKnownFileType = sourcecode.c.objc; path = "NSObject+SBJSON.m"; sourceTree = "<group>"; };
		F4417458110F365A00CBFE29 /* NSString+SBJSON.h */ = {isa = PBXFileReference; fileEncoding = 4; lastKnownFileType = sourcecode.c.h; path = "NSString+SBJSON.h"; sourceTree = "<group>"; };
		F4417459110F365A00CBFE29 /* NSString+SBJSON.m */ = {isa = PBXFileReference; fileEncoding = 4; lastKnownFileType = sourcecode.c.objc; path = "NSString+SBJSON.m"; sourceTree = "<group>"; };
		F441745A110F365A00CBFE29 /* SBJSON.h */ = {isa = PBXFileReference; fileEncoding = 4; lastKnownFileType = sourcecode.c.h; path = SBJSON.h; sourceTree = "<group>"; };
		F441745B110F365A00CBFE29 /* SBJSON.m */ = {isa = PBXFileReference; fileEncoding = 4; lastKnownFileType = sourcecode.c.objc; path = SBJSON.m; sourceTree = "<group>"; };
		F441745C110F365A00CBFE29 /* SBJsonBase.h */ = {isa = PBXFileReference; fileEncoding = 4; lastKnownFileType = sourcecode.c.h; path = SBJsonBase.h; sourceTree = "<group>"; };
		F441745D110F365A00CBFE29 /* SBJsonBase.m */ = {isa = PBXFileReference; fileEncoding = 4; lastKnownFileType = sourcecode.c.objc; path = SBJsonBase.m; sourceTree = "<group>"; };
		F441745E110F365A00CBFE29 /* SBJsonParser.h */ = {isa = PBXFileReference; fileEncoding = 4; lastKnownFileType = sourcecode.c.h; path = SBJsonParser.h; sourceTree = "<group>"; };
		F441745F110F365A00CBFE29 /* SBJsonParser.m */ = {isa = PBXFileReference; fileEncoding = 4; lastKnownFileType = sourcecode.c.objc; path = SBJsonParser.m; sourceTree = "<group>"; };
		F4417460110F365A00CBFE29 /* SBJsonWriter.h */ = {isa = PBXFileReference; fileEncoding = 4; lastKnownFileType = sourcecode.c.h; path = SBJsonWriter.h; sourceTree = "<group>"; };
		F4417461110F365A00CBFE29 /* SBJsonWriter.m */ = {isa = PBXFileReference; fileEncoding = 4; lastKnownFileType = sourcecode.c.objc; path = SBJsonWriter.m; sourceTree = "<group>"; };
		F44F3A8811185C8900AA2B22 /* AddressAnnotation.h */ = {isa = PBXFileReference; fileEncoding = 4; lastKnownFileType = sourcecode.c.h; path = AddressAnnotation.h; sourceTree = "<group>"; };
		F44F3A8911185C8900AA2B22 /* AddressAnnotation.m */ = {isa = PBXFileReference; fileEncoding = 4; lastKnownFileType = sourcecode.c.objc; path = AddressAnnotation.m; sourceTree = "<group>"; };
		F44F3A9D11185CF800AA2B22 /* CoreLocation.framework */ = {isa = PBXFileReference; lastKnownFileType = wrapper.framework; name = CoreLocation.framework; path = System/Library/Frameworks/CoreLocation.framework; sourceTree = SDKROOT; };
/* End PBXFileReference section */

/* Begin PBXFrameworksBuildPhase section */
		1D60588F0D05DD3D006BFB54 /* Frameworks */ = {
			isa = PBXFrameworksBuildPhase;
			buildActionMask = 2147483647;
			files = (
				1D60589F0D05DD5A006BFB54 /* Foundation.framework in Frameworks */,
				1DF5F4E00D08C38300B7A737 /* UIKit.framework in Frameworks */,
				288765590DF743DE002DB57D /* CoreGraphics.framework in Frameworks */,
				F43B4DE811104AF900C312F4 /* MapKit.framework in Frameworks */,
				F43B4E871110725E00C312F4 /* QuartzCore.framework in Frameworks */,
				F44F3A9E11185CF800AA2B22 /* CoreLocation.framework in Frameworks */,
			);
			runOnlyForDeploymentPostprocessing = 0;
		};
/* End PBXFrameworksBuildPhase section */

/* Begin PBXGroup section */
		080E96DDFE201D6D7F000001 /* Application Delegate */ = {
			isa = PBXGroup;
			children = (
				1D3623240D0F684500981E51 /* AugmentedMPNAppDelegate.h */,
				1D3623250D0F684500981E51 /* AugmentedMPNAppDelegate.m */,
			);
			name = "Application Delegate";
			path = Classes;
			sourceTree = "<group>";
		};
		19C28FACFE9D520D11CA2CBB /* Products */ = {
			isa = PBXGroup;
			children = (
				1D6058910D05DD3D006BFB54 /* AugmentedMPN.app */,
			);
			name = Products;
			sourceTree = "<group>";
		};
		281C6CD70DB2D82200F60ACC /* Flipside View */ = {
			isa = PBXGroup;
			children = (
				F44173D8110F252C00CBFE29 /* FlipsideViewController.h */,
				F44173D9110F252C00CBFE29 /* FlipsideViewController.m */,
				289233A20DB2D0840083E9F9 /* FlipsideView.h */,
				289233A30DB2D0840083E9F9 /* FlipsideView.m */,
			);
			name = "Flipside View";
			sourceTree = "<group>";
		};
		289233A00DB2D0730083E9F9 /* Main View */ = {
			isa = PBXGroup;
			children = (
				F441738A110F232600CBFE29 /* MainViewController.h */,
				F441738B110F232600CBFE29 /* MainViewController.m */,
				289233A40DB2D0840083E9F9 /* MainView.h */,
				289233A50DB2D0840083E9F9 /* MainView.m */,
			);
			name = "Main View";
			sourceTree = "<group>";
		};
		29B97314FDCFA39411CA2CEA /* CustomTemplate */ = {
			isa = PBXGroup;
			children = (
				F43B4CBB111032AA00C312F4 /* AugmentedView */,
				F43B4CBA111032A100C312F4 /* MapView */,
				F4417454110F365A00CBFE29 /* JSON */,
				289233A00DB2D0730083E9F9 /* Main View */,
				281C6CD70DB2D82200F60ACC /* Flipside View */,
				080E96DDFE201D6D7F000001 /* Application Delegate */,
				29B97315FDCFA39411CA2CEA /* Other Sources */,
				29B97317FDCFA39411CA2CEA /* Resources */,
				29B97323FDCFA39411CA2CEA /* Frameworks */,
				19C28FACFE9D520D11CA2CBB /* Products */,
			);
			name = CustomTemplate;
			sourceTree = "<group>";
		};
		29B97315FDCFA39411CA2CEA /* Other Sources */ = {
			isa = PBXGroup;
			children = (
				F4417439110F31FF00CBFE29 /* AugmentedMPN_Prefix.pch */,
				29B97316FDCFA39411CA2CEA /* main.m */,
			);
			name = "Other Sources";
			sourceTree = "<group>";
		};
		29B97317FDCFA39411CA2CEA /* Resources */ = {
			isa = PBXGroup;
			children = (
				F43B4DDB111048D600C312F4 /* MapView.xib */,
				F43B4CFF111033CA00C312F4 /* AugmentedView.xib */,
				F441737C110F221D00CBFE29 /* FlipsideView.xib */,
				F441737D110F221D00CBFE29 /* MainView.xib */,
				280E754C0DD40C5E005A515E /* MainWindow.xib */,
				8D1107310486CEB800E47090 /* AugmentedMPN-Info.plist */,
			);
			name = Resources;
			sourceTree = "<group>";
		};
		29B97323FDCFA39411CA2CEA /* Frameworks */ = {
			isa = PBXGroup;
			children = (
				F44F3A9D11185CF800AA2B22 /* CoreLocation.framework */,
				F43B4E861110725E00C312F4 /* QuartzCore.framework */,
				F43B4DE711104AF900C312F4 /* MapKit.framework */,
				1DF5F4DF0D08C38300B7A737 /* UIKit.framework */,
				1D30AB110D05D00D00671497 /* Foundation.framework */,
				288765580DF743DE002DB57D /* CoreGraphics.framework */,
			);
			name = Frameworks;
			sourceTree = "<group>";
		};
		F43B4CBA111032A100C312F4 /* MapView */ = {
			isa = PBXGroup;
			children = (
				F44F3A8811185C8900AA2B22 /* AddressAnnotation.h */,
				F44F3A8911185C8900AA2B22 /* AddressAnnotation.m */,
				F43B4CC11110331E00C312F4 /* MapViewController.h */,
				F43B4CC21110331E00C312F4 /* MapViewController.m */,
				F43B4CC61110334800C312F4 /* MapView.h */,
				F43B4CC71110334800C312F4 /* MapView.m */,
			);
			name = MapView;
			sourceTree = "<group>";
		};
		F43B4CBB111032AA00C312F4 /* AugmentedView */ = {
			isa = PBXGroup;
			children = (
				F43B4CFD111033CA00C312F4 /* AugmentedViewController.h */,
				F43B4CFE111033CA00C312F4 /* AugmentedViewController.m */,
				F43B4D02111033D800C312F4 /* AugmentedView.h */,
				F43B4D03111033D800C312F4 /* AugmentedView.m */,
			);
			name = AugmentedView;
			sourceTree = "<group>";
		};
		F4417454110F365A00CBFE29 /* JSON */ = {
			isa = PBXGroup;
			children = (
				F4417455110F365A00CBFE29 /* JSON.h */,
				F4417456110F365A00CBFE29 /* NSObject+SBJSON.h */,
				F4417457110F365A00CBFE29 /* NSObject+SBJSON.m */,
				F4417458110F365A00CBFE29 /* NSString+SBJSON.h */,
				F4417459110F365A00CBFE29 /* NSString+SBJSON.m */,
				F441745A110F365A00CBFE29 /* SBJSON.h */,
				F441745B110F365A00CBFE29 /* SBJSON.m */,
				F441745C110F365A00CBFE29 /* SBJsonBase.h */,
				F441745D110F365A00CBFE29 /* SBJsonBase.m */,
				F441745E110F365A00CBFE29 /* SBJsonParser.h */,
				F441745F110F365A00CBFE29 /* SBJsonParser.m */,
				F4417460110F365A00CBFE29 /* SBJsonWriter.h */,
				F4417461110F365A00CBFE29 /* SBJsonWriter.m */,
			);
			path = JSON;
			sourceTree = "<group>";
		};
/* End PBXGroup section */

/* Begin PBXNativeTarget section */
		1D6058900D05DD3D006BFB54 /* AugmentedMPN */ = {
			isa = PBXNativeTarget;
			buildConfigurationList = 1D6058960D05DD3E006BFB54 /* Build configuration list for PBXNativeTarget "AugmentedMPN" */;
			buildPhases = (
				1D60588D0D05DD3D006BFB54 /* Resources */,
				1D60588E0D05DD3D006BFB54 /* Sources */,
				1D60588F0D05DD3D006BFB54 /* Frameworks */,
			);
			buildRules = (
			);
			dependencies = (
			);
			name = AugmentedMPN;
			productName = AugmentedMPN;
			productReference = 1D6058910D05DD3D006BFB54 /* AugmentedMPN.app */;
			productType = "com.apple.product-type.application";
		};
/* End PBXNativeTarget section */

/* Begin PBXProject section */
		29B97313FDCFA39411CA2CEA /* Project object */ = {
			isa = PBXProject;
			buildConfigurationList = C01FCF4E08A954540054247B /* Build configuration list for PBXProject "AugmentedMPN" */;
			compatibilityVersion = "Xcode 3.1";
			hasScannedForEncodings = 1;
			knownRegions = (
				English,
				Japanese,
				French,
				German,
				en,
			);
			mainGroup = 29B97314FDCFA39411CA2CEA /* CustomTemplate */;
			projectDirPath = "";
			projectRoot = "";
			targets = (
				1D6058900D05DD3D006BFB54 /* AugmentedMPN */,
			);
		};
/* End PBXProject section */

/* Begin PBXResourcesBuildPhase section */
		1D60588D0D05DD3D006BFB54 /* Resources */ = {
			isa = PBXResourcesBuildPhase;
			buildActionMask = 2147483647;
			files = (
				280E754F0DD40C5E005A515E /* MainWindow.xib in Resources */,
				F441737E110F221D00CBFE29 /* FlipsideView.xib in Resources */,
				F441737F110F221D00CBFE29 /* MainView.xib in Resources */,
				F43B4D01111033CA00C312F4 /* AugmentedView.xib in Resources */,
				F43B4DDC111048D600C312F4 /* MapView.xib in Resources */,
			);
			runOnlyForDeploymentPostprocessing = 0;
		};
/* End PBXResourcesBuildPhase section */

/* Begin PBXSourcesBuildPhase section */
		1D60588E0D05DD3D006BFB54 /* Sources */ = {
			isa = PBXSourcesBuildPhase;
			buildActionMask = 2147483647;
			files = (
				1D60589B0D05DD56006BFB54 /* main.m in Sources */,
				1D3623260D0F684500981E51 /* AugmentedMPNAppDelegate.m in Sources */,
				289233A60DB2D0840083E9F9 /* FlipsideView.m in Sources */,
				289233A70DB2D0840083E9F9 /* MainView.m in Sources */,
				F441738C110F232600CBFE29 /* MainViewController.m in Sources */,
				F44173DA110F252C00CBFE29 /* FlipsideViewController.m in Sources */,
				F4417462110F365A00CBFE29 /* NSObject+SBJSON.m in Sources */,
				F4417463110F365A00CBFE29 /* NSString+SBJSON.m in Sources */,
				F4417464110F365A00CBFE29 /* SBJSON.m in Sources */,
				F4417465110F365A00CBFE29 /* SBJsonBase.m in Sources */,
				F4417466110F365A00CBFE29 /* SBJsonParser.m in Sources */,
				F4417467110F365A00CBFE29 /* SBJsonWriter.m in Sources */,
				F43B4CC41110331E00C312F4 /* MapViewController.m in Sources */,
				F43B4CC81110334800C312F4 /* MapView.m in Sources */,
				F43B4D00111033CA00C312F4 /* AugmentedViewController.m in Sources */,
				F43B4D04111033D800C312F4 /* AugmentedView.m in Sources */,
				F44F3A8A11185C8900AA2B22 /* AddressAnnotation.m in Sources */,
			);
			runOnlyForDeploymentPostprocessing = 0;
		};
/* End PBXSourcesBuildPhase section */

/* Begin XCBuildConfiguration section */
		1D6058940D05DD3E006BFB54 /* Debug */ = {
			isa = XCBuildConfiguration;
			buildSettings = {
				ALWAYS_SEARCH_USER_PATHS = NO;
				COPY_PHASE_STRIP = NO;
				GCC_DYNAMIC_NO_PIC = NO;
				GCC_OPTIMIZATION_LEVEL = 0;
				GCC_PRECOMPILE_PREFIX_HEADER = YES;
				GCC_PREFIX_HEADER = AugmentedMPN_Prefix.pch;
				INFOPLIST_FILE = "AugmentedMPN-Info.plist";
				PRODUCT_NAME = AugmentedMPN;
			};
			name = Debug;
		};
		1D6058950D05DD3E006BFB54 /* Release */ = {
			isa = XCBuildConfiguration;
			buildSettings = {
				ALWAYS_SEARCH_USER_PATHS = NO;
				COPY_PHASE_STRIP = YES;
				GCC_PRECOMPILE_PREFIX_HEADER = YES;
				GCC_PREFIX_HEADER = AugmentedMPN_Prefix.pch;
				INFOPLIST_FILE = "AugmentedMPN-Info.plist";
				PRODUCT_NAME = AugmentedMPN;
			};
			name = Release;
		};
		C01FCF4F08A954540054247B /* Debug */ = {
			isa = XCBuildConfiguration;
			buildSettings = {
				ARCHS = "$(ARCHS_STANDARD_32_BIT)";
				"CODE_SIGN_IDENTITY[sdk=iphoneos*]" = "iPhone Developer";
				GCC_C_LANGUAGE_STANDARD = c99;
				GCC_WARN_ABOUT_RETURN_TYPE = YES;
				GCC_WARN_UNUSED_VARIABLE = YES;
				PREBINDING = NO;
				SDKROOT = iphoneos3.1.2;
			};
			name = Debug;
		};
		C01FCF5008A954540054247B /* Release */ = {
			isa = XCBuildConfiguration;
			buildSettings = {
				ARCHS = "$(ARCHS_STANDARD_32_BIT)";
				"CODE_SIGN_IDENTITY[sdk=iphoneos*]" = "iPhone Developer";
				GCC_C_LANGUAGE_STANDARD = c99;
				GCC_WARN_ABOUT_RETURN_TYPE = YES;
				GCC_WARN_UNUSED_VARIABLE = YES;
				PREBINDING = NO;
				SDKROOT = iphoneos3.1.2;
			};
			name = Release;
		};
/* End XCBuildConfiguration section */

/* Begin XCConfigurationList section */
		1D6058960D05DD3E006BFB54 /* Build configuration list for PBXNativeTarget "AugmentedMPN" */ = {
			isa = XCConfigurationList;
			buildConfigurations = (
				1D6058940D05DD3E006BFB54 /* Debug */,
				1D6058950D05DD3E006BFB54 /* Release */,
			);
			defaultConfigurationIsVisible = 0;
			defaultConfigurationName = Release;
		};
		C01FCF4E08A954540054247B /* Build configuration list for PBXProject "AugmentedMPN" */ = {
			isa = XCConfigurationList;
			buildConfigurations = (
				C01FCF4F08A954540054247B /* Debug */,
				C01FCF5008A954540054247B /* Release */,
			);
			defaultConfigurationIsVisible = 0;
			defaultConfigurationName = Release;
		};
/* End XCConfigurationList section */
	};
	rootObject = 29B97313FDCFA39411CA2CEA /* Project object */;
}
