// !$*UTF8*$!
{
	archiveVersion = 1;
	classes = {
	};
	objectVersion = 45;
	objects = {

/* Begin PBXBuildFile section */
		1D3623260D0F684500981E51 /* AugmentedMPNAppDelegate.m in Sources */ = {isa = PBXBuildFile; fileRef = 1D3623250D0F684500981E51 /* AugmentedMPNAppDelegate.m */; };
		1D60589B0D05DD56006BFB54 /* main.m in Sources */ = {isa = PBXBuildFile; fileRef = 29B97316FDCFA39411CA2CEA /* main.m */; };
		1D60589F0D05DD5A006BFB54 /* Foundation.framework in Frameworks */ = {isa = PBXBuildFile; fileRef = 1D30AB110D05D00D00671497 /* Foundation.framework */; };
		1DF5F4E00D08C38300B7A737 /* UIKit.framework in Frameworks */ = {isa = PBXBuildFile; fileRef = 1DF5F4DF0D08C38300B7A737 /* UIKit.framework */; };
		288765590DF743DE002DB57D /* CoreGraphics.framework in Frameworks */ = {isa = PBXBuildFile; fileRef = 288765580DF743DE002DB57D /* CoreGraphics.framework */; };
		289233A60DB2D0840083E9F9 /* FlipsideView.m in Sources */ = {isa = PBXBuildFile; fileRef = 289233A30DB2D0840083E9F9 /* FlipsideView.m */; };
		289233A70DB2D0840083E9F9 /* MainView.m in Sources */ = {isa = PBXBuildFile; fileRef = 289233A50DB2D0840083E9F9 /* MainView.m */; };
		F400709B112E8D2200982525 /* coolbutton.png in Resources */ = {isa = PBXBuildFile; fileRef = F400709A112E8D2200982525 /* coolbutton.png */; };
		F40070A4112E8E8200982525 /* coolbutton.png in Resources */ = {isa = PBXBuildFile; fileRef = F400709A112E8D2200982525 /* coolbutton.png */; };
		F40071DC112EDDC300982525 /* VTTableViewCell.m in Sources */ = {isa = PBXBuildFile; fileRef = F40071DB112EDDC300982525 /* VTTableViewCell.m */; };
		F40BEF73116CB0D5007D8CF3 /* Localizable.strings in Resources */ = {isa = PBXBuildFile; fileRef = F40BEF71116CB0D5007D8CF3 /* Localizable.strings */; };
		F40BEF74116CB0D5007D8CF3 /* Localizable.strings in Resources */ = {isa = PBXBuildFile; fileRef = F40BEF71116CB0D5007D8CF3 /* Localizable.strings */; };
		F41B825B11259890003B438C /* augmentedpoi.png in Resources */ = {isa = PBXBuildFile; fileRef = F41B825211259890003B438C /* augmentedpoi.png */; };
		F41B826211259890003B438C /* direction.png in Resources */ = {isa = PBXBuildFile; fileRef = F41B825911259890003B438C /* direction.png */; };
		F41B8283112598BA003B438C /* AugmentedPoi.m in Sources */ = {isa = PBXBuildFile; fileRef = F41B827C112598BA003B438C /* AugmentedPoi.m */; };
		F41B8285112598BA003B438C /* AugmentedView.m in Sources */ = {isa = PBXBuildFile; fileRef = F41B8280112598BA003B438C /* AugmentedView.m */; };
		F41B8286112598BA003B438C /* AugmentedViewController.m in Sources */ = {isa = PBXBuildFile; fileRef = F41B8282112598BA003B438C /* AugmentedViewController.m */; };
		F41B828B112598C7003B438C /* MapView.m in Sources */ = {isa = PBXBuildFile; fileRef = F41B8288112598C7003B438C /* MapView.m */; };
		F41B828C112598C7003B438C /* MapViewController.m in Sources */ = {isa = PBXBuildFile; fileRef = F41B828A112598C7003B438C /* MapViewController.m */; };
		F41B8293112598DD003B438C /* AugmentedView.xib in Resources */ = {isa = PBXBuildFile; fileRef = F41B828E112598DD003B438C /* AugmentedView.xib */; };
		F41B8294112598DD003B438C /* FlipsideView.xib in Resources */ = {isa = PBXBuildFile; fileRef = F41B828F112598DD003B438C /* FlipsideView.xib */; };
		F41B8295112598DD003B438C /* MainView.xib in Resources */ = {isa = PBXBuildFile; fileRef = F41B8290112598DD003B438C /* MainView.xib */; };
		F41B8296112598DD003B438C /* MainWindow.xib in Resources */ = {isa = PBXBuildFile; fileRef = F41B8291112598DD003B438C /* MainWindow.xib */; };
		F41B8297112598DD003B438C /* MapView.xib in Resources */ = {isa = PBXBuildFile; fileRef = F41B8292112598DD003B438C /* MapView.xib */; };
		F41B8299112598F0003B438C /* CoordinatesTests.m in Sources */ = {isa = PBXBuildFile; fileRef = F41B824F11259884003B438C /* CoordinatesTests.m */; };
		F41B829A112598F5003B438C /* MPNAnnotation.m in Sources */ = {isa = PBXBuildFile; fileRef = F41B8277112598AD003B438C /* MPNAnnotation.m */; };
		F41B829B112598F8003B438C /* AugmentedPoi.m in Sources */ = {isa = PBXBuildFile; fileRef = F41B827C112598BA003B438C /* AugmentedPoi.m */; };
		F41D7AA711411A5F0011145A /* icon.png in Resources */ = {isa = PBXBuildFile; fileRef = F41D7AA611411A5F0011145A /* icon.png */; };
		F41D7B01114157720011145A /* coolbuttonmask.png in Resources */ = {isa = PBXBuildFile; fileRef = F41D7B00114157720011145A /* coolbuttonmask.png */; };
		F41FF248112D37650015A2B1 /* SwedishGridTests.m in Sources */ = {isa = PBXBuildFile; fileRef = F41FF247112D37650015A2B1 /* SwedishGridTests.m */; };
		F41FF249112D37CD0015A2B1 /* VTApiHandler.m in Sources */ = {isa = PBXBuildFile; fileRef = F421F50E112BDD03003D46D8 /* VTApiHandler.m */; };
		F41FF24A112D37D40015A2B1 /* VTAnnotation.m in Sources */ = {isa = PBXBuildFile; fileRef = F421F61E112C0393003D46D8 /* VTAnnotation.m */; };
		F41FF24B112D37D80015A2B1 /* VTForecast.m in Sources */ = {isa = PBXBuildFile; fileRef = F421F6DB112C2FDB003D46D8 /* VTForecast.m */; };
		F41FF24C112D37DB0015A2B1 /* VTLineInfo.m in Sources */ = {isa = PBXBuildFile; fileRef = F421F881112C464E003D46D8 /* VTLineInfo.m */; };
		F41FF29D112D38840015A2B1 /* UIKit.framework in Frameworks */ = {isa = PBXBuildFile; fileRef = 1DF5F4DF0D08C38300B7A737 /* UIKit.framework */; };
		F421F50F112BDD03003D46D8 /* VTApiHandler.m in Sources */ = {isa = PBXBuildFile; fileRef = F421F50E112BDD03003D46D8 /* VTApiHandler.m */; };
		F421F61F112C0393003D46D8 /* VTAnnotation.m in Sources */ = {isa = PBXBuildFile; fileRef = F421F61E112C0393003D46D8 /* VTAnnotation.m */; };
		F421F6DC112C2FDB003D46D8 /* VTForecast.m in Sources */ = {isa = PBXBuildFile; fileRef = F421F6DB112C2FDB003D46D8 /* VTForecast.m */; };
		F421F882112C464E003D46D8 /* VTLineInfo.m in Sources */ = {isa = PBXBuildFile; fileRef = F421F881112C464E003D46D8 /* VTLineInfo.m */; };
		F424F79E117C735A00D8C5FF /* VTTableViewCell.xib in Resources */ = {isa = PBXBuildFile; fileRef = F424F79D117C735A00D8C5FF /* VTTableViewCell.xib */; };
		F424F7C2117C839A00D8C5FF /* low_floor.gif in Resources */ = {isa = PBXBuildFile; fileRef = F424F7C1117C839A00D8C5FF /* low_floor.gif */; };
		F4253E97113EA08A0089952F /* handicap.gif in Resources */ = {isa = PBXBuildFile; fileRef = F4253E96113EA08A0089952F /* handicap.gif */; };
		F4274BC3112AA66D0018F77C /* AugmentedCalloutBubbleController.m in Sources */ = {isa = PBXBuildFile; fileRef = F4274BC1112AA66D0018F77C /* AugmentedCalloutBubbleController.m */; };
		F4274BC4112AA66D0018F77C /* AugmentedCalloutBubbleView.xib in Resources */ = {isa = PBXBuildFile; fileRef = F4274BC2112AA66D0018F77C /* AugmentedCalloutBubbleView.xib */; };
		F42DB7CF11994BAD006C0870 /* lock.png in Resources */ = {isa = PBXBuildFile; fileRef = F42DB7CD11994BAD006C0870 /* lock.png */; };
		F42DB7D011994BAD006C0870 /* unlock.png in Resources */ = {isa = PBXBuildFile; fileRef = F42DB7CE11994BAD006C0870 /* unlock.png */; };
		F43B4DE811104AF900C312F4 /* MapKit.framework in Frameworks */ = {isa = PBXBuildFile; fileRef = F43B4DE711104AF900C312F4 /* MapKit.framework */; };
		F43B4E871110725E00C312F4 /* QuartzCore.framework in Frameworks */ = {isa = PBXBuildFile; fileRef = F43B4E861110725E00C312F4 /* QuartzCore.framework */; };
		F43D8A4611452C5800DF4EE9 /* iTunesArtwork in Resources */ = {isa = PBXBuildFile; fileRef = F43D8A4511452C5800DF4EE9 /* iTunesArtwork */; };
		F441738C110F232600CBFE29 /* MainViewController.m in Sources */ = {isa = PBXBuildFile; fileRef = F441738B110F232600CBFE29 /* MainViewController.m */; };
		F44173DA110F252C00CBFE29 /* FlipsideViewController.m in Sources */ = {isa = PBXBuildFile; fileRef = F44173D9110F252C00CBFE29 /* FlipsideViewController.m */; };
		F448B973116356300042B9C8 /* NSObject+SBJSON.m in Sources */ = {isa = PBXBuildFile; fileRef = F448B968116356300042B9C8 /* NSObject+SBJSON.m */; };
		F448B974116356300042B9C8 /* NSString+SBJSON.m in Sources */ = {isa = PBXBuildFile; fileRef = F448B96A116356300042B9C8 /* NSString+SBJSON.m */; };
		F448B975116356300042B9C8 /* SBJSON.m in Sources */ = {isa = PBXBuildFile; fileRef = F448B96C116356300042B9C8 /* SBJSON.m */; };
		F448B976116356300042B9C8 /* SBJsonBase.m in Sources */ = {isa = PBXBuildFile; fileRef = F448B96E116356300042B9C8 /* SBJsonBase.m */; };
		F448B977116356300042B9C8 /* SBJsonParser.m in Sources */ = {isa = PBXBuildFile; fileRef = F448B970116356300042B9C8 /* SBJsonParser.m */; };
		F448B978116356300042B9C8 /* SBJsonWriter.m in Sources */ = {isa = PBXBuildFile; fileRef = F448B972116356300042B9C8 /* SBJsonWriter.m */; };
		F448B991116365AB0042B9C8 /* SBJsonWriter.m in Sources */ = {isa = PBXBuildFile; fileRef = F448B972116356300042B9C8 /* SBJsonWriter.m */; };
		F448B992116365AB0042B9C8 /* NSString+SBJSON.m in Sources */ = {isa = PBXBuildFile; fileRef = F448B96A116356300042B9C8 /* NSString+SBJSON.m */; };
		F448B993116365AD0042B9C8 /* SBJSON.m in Sources */ = {isa = PBXBuildFile; fileRef = F448B96C116356300042B9C8 /* SBJSON.m */; };
		F448B994116365AE0042B9C8 /* SBJsonBase.m in Sources */ = {isa = PBXBuildFile; fileRef = F448B96E116356300042B9C8 /* SBJsonBase.m */; };
		F448B995116365B10042B9C8 /* NSObject+SBJSON.m in Sources */ = {isa = PBXBuildFile; fileRef = F448B968116356300042B9C8 /* NSObject+SBJSON.m */; };
		F448B996116365B10042B9C8 /* SBJsonParser.m in Sources */ = {isa = PBXBuildFile; fileRef = F448B970116356300042B9C8 /* SBJsonParser.m */; };
		F44F3A9E11185CF800AA2B22 /* CoreLocation.framework in Frameworks */ = {isa = PBXBuildFile; fileRef = F44F3A9D11185CF800AA2B22 /* CoreLocation.framework */; };
		F452E009114000C7001DBB87 /* needleandshadow.png in Resources */ = {isa = PBXBuildFile; fileRef = F452E008114000C7001DBB87 /* needleandshadow.png */; };
		F455FCDA11A27B6E005716FB /* map_mask.png in Resources */ = {isa = PBXBuildFile; fileRef = F455FCD911A27B6E005716FB /* map_mask.png */; };
		F4FAB9FD1121698D0065CF90 /* SenTestingKit.framework in Frameworks */ = {isa = PBXBuildFile; fileRef = F4FAB9FC1121698D0065CF90 /* SenTestingKit.framework */; };
		F4FABA9811216D650065CF90 /* CoreLocation.framework in Frameworks */ = {isa = PBXBuildFile; fileRef = F44F3A9D11185CF800AA2B22 /* CoreLocation.framework */; };
/* End PBXBuildFile section */

/* Begin PBXContainerItemProxy section */
		F4A6A62911219E0700D7EA67 /* PBXContainerItemProxy */ = {
			isa = PBXContainerItemProxy;
			containerPortal = 29B97313FDCFA39411CA2CEA /* Project object */;
			proxyType = 1;
			remoteGlobalIDString = F434D91E1121546E00DF67CE;
			remoteInfo = CoordinatesTests;
		};
/* End PBXContainerItemProxy section */

/* Begin PBXFileReference section */
		1D30AB110D05D00D00671497 /* Foundation.framework */ = {isa = PBXFileReference; lastKnownFileType = wrapper.framework; name = Foundation.framework; path = System/Library/Frameworks/Foundation.framework; sourceTree = SDKROOT; };
		1D3623240D0F684500981E51 /* AugmentedMPNAppDelegate.h */ = {isa = PBXFileReference; fileEncoding = 4; lastKnownFileType = sourcecode.c.h; path = AugmentedMPNAppDelegate.h; sourceTree = "<group>"; };
		1D3623250D0F684500981E51 /* AugmentedMPNAppDelegate.m */ = {isa = PBXFileReference; fileEncoding = 4; lastKnownFileType = sourcecode.c.objc; path = AugmentedMPNAppDelegate.m; sourceTree = "<group>"; };
		1D6058910D05DD3D006BFB54 /* AugmentedMPN.app */ = {isa = PBXFileReference; explicitFileType = wrapper.application; includeInIndex = 0; path = AugmentedMPN.app; sourceTree = BUILT_PRODUCTS_DIR; };
		1DF5F4DF0D08C38300B7A737 /* UIKit.framework */ = {isa = PBXFileReference; lastKnownFileType = wrapper.framework; name = UIKit.framework; path = System/Library/Frameworks/UIKit.framework; sourceTree = SDKROOT; };
		288765580DF743DE002DB57D /* CoreGraphics.framework */ = {isa = PBXFileReference; lastKnownFileType = wrapper.framework; name = CoreGraphics.framework; path = System/Library/Frameworks/CoreGraphics.framework; sourceTree = SDKROOT; };
		289233A20DB2D0840083E9F9 /* FlipsideView.h */ = {isa = PBXFileReference; fileEncoding = 4; lastKnownFileType = sourcecode.c.h; name = FlipsideView.h; path = Classes/FlipsideView.h; sourceTree = "<group>"; };
		289233A30DB2D0840083E9F9 /* FlipsideView.m */ = {isa = PBXFileReference; fileEncoding = 4; lastKnownFileType = sourcecode.c.objc; name = FlipsideView.m; path = Classes/FlipsideView.m; sourceTree = "<group>"; };
		289233A40DB2D0840083E9F9 /* MainView.h */ = {isa = PBXFileReference; fileEncoding = 4; lastKnownFileType = sourcecode.c.h; name = MainView.h; path = Classes/MainView.h; sourceTree = "<group>"; };
		289233A50DB2D0840083E9F9 /* MainView.m */ = {isa = PBXFileReference; fileEncoding = 4; lastKnownFileType = sourcecode.c.objc; name = MainView.m; path = Classes/MainView.m; sourceTree = "<group>"; };
		29B97316FDCFA39411CA2CEA /* main.m */ = {isa = PBXFileReference; fileEncoding = 4; lastKnownFileType = sourcecode.c.objc; path = main.m; sourceTree = "<group>"; };
		8D1107310486CEB800E47090 /* AugmentedMPN-Info.plist */ = {isa = PBXFileReference; fileEncoding = 4; lastKnownFileType = text.plist.xml; path = "AugmentedMPN-Info.plist"; plistStructureDefinitionIdentifier = "com.apple.xcode.plist.structure-definition.iphone.info-plist"; sourceTree = "<group>"; };
		F400709A112E8D2200982525 /* coolbutton.png */ = {isa = PBXFileReference; lastKnownFileType = image.png; name = coolbutton.png; path = Images/coolbutton.png; sourceTree = "<group>"; };
		F40071DA112EDDC300982525 /* VTTableViewCell.h */ = {isa = PBXFileReference; fileEncoding = 4; lastKnownFileType = sourcecode.c.h; name = VTTableViewCell.h; path = Vasttrafik/VTTableViewCell.h; sourceTree = "<group>"; };
		F40071DB112EDDC300982525 /* VTTableViewCell.m */ = {isa = PBXFileReference; fileEncoding = 4; lastKnownFileType = sourcecode.c.objc; name = VTTableViewCell.m; path = Vasttrafik/VTTableViewCell.m; sourceTree = "<group>"; };
		F40BEF72116CB0D5007D8CF3 /* en */ = {isa = PBXFileReference; fileEncoding = 4; lastKnownFileType = text.plist.strings; name = en; path = Resources/en.lproj/Localizable.strings; sourceTree = "<group>"; };
		F40BEF79116CB0FD007D8CF3 /* sv */ = {isa = PBXFileReference; lastKnownFileType = text.plist.strings; name = sv; path = Resources/sv.lproj/Localizable.strings; sourceTree = "<group>"; };
		F40BEF8D116CB6FF007D8CF3 /* fr */ = {isa = PBXFileReference; lastKnownFileType = text.plist.strings; name = fr; path = Resources/fr.lproj/Localizable.strings; sourceTree = "<group>"; };
		F41B824F11259884003B438C /* CoordinatesTests.m */ = {isa = PBXFileReference; fileEncoding = 4; lastKnownFileType = sourcecode.c.objc; name = CoordinatesTests.m; path = Tests/CoordinatesTests.m; sourceTree = "<group>"; };
		F41B825211259890003B438C /* augmentedpoi.png */ = {isa = PBXFileReference; lastKnownFileType = image.png; name = augmentedpoi.png; path = Images/augmentedpoi.png; sourceTree = "<group>"; };
		F41B825911259890003B438C /* direction.png */ = {isa = PBXFileReference; lastKnownFileType = image.png; name = direction.png; path = Images/direction.png; sourceTree = "<group>"; };
		F41B8275112598AD003B438C /* MPNApiHandler.m */ = {isa = PBXFileReference; fileEncoding = 4; lastKnownFileType = sourcecode.c.objc; name = MPNApiHandler.m; path = MPN/MPNApiHandler.m; sourceTree = "<group>"; };
		F41B8276112598AD003B438C /* MPNAnnotation.h */ = {isa = PBXFileReference; fileEncoding = 4; lastKnownFileType = sourcecode.c.h; name = MPNAnnotation.h; path = MPN/MPNAnnotation.h; sourceTree = "<group>"; };
		F41B8277112598AD003B438C /* MPNAnnotation.m */ = {isa = PBXFileReference; fileEncoding = 4; lastKnownFileType = sourcecode.c.objc; name = MPNAnnotation.m; path = MPN/MPNAnnotation.m; sourceTree = "<group>"; };
		F41B8278112598AD003B438C /* MPNApiHandler.h */ = {isa = PBXFileReference; fileEncoding = 4; lastKnownFileType = sourcecode.c.h; name = MPNApiHandler.h; path = MPN/MPNApiHandler.h; sourceTree = "<group>"; };
		F41B827B112598BA003B438C /* AugmentedPoi.h */ = {isa = PBXFileReference; fileEncoding = 4; lastKnownFileType = sourcecode.c.h; name = AugmentedPoi.h; path = AugmentedView/AugmentedPoi.h; sourceTree = "<group>"; };
		F41B827C112598BA003B438C /* AugmentedPoi.m */ = {isa = PBXFileReference; fileEncoding = 4; lastKnownFileType = sourcecode.c.objc; name = AugmentedPoi.m; path = AugmentedView/AugmentedPoi.m; sourceTree = "<group>"; };
		F41B827F112598BA003B438C /* AugmentedView.h */ = {isa = PBXFileReference; fileEncoding = 4; lastKnownFileType = sourcecode.c.h; name = AugmentedView.h; path = AugmentedView/AugmentedView.h; sourceTree = "<group>"; };
		F41B8280112598BA003B438C /* AugmentedView.m */ = {isa = PBXFileReference; fileEncoding = 4; lastKnownFileType = sourcecode.c.objc; name = AugmentedView.m; path = AugmentedView/AugmentedView.m; sourceTree = "<group>"; };
		F41B8281112598BA003B438C /* AugmentedViewController.h */ = {isa = PBXFileReference; fileEncoding = 4; lastKnownFileType = sourcecode.c.h; name = AugmentedViewController.h; path = AugmentedView/AugmentedViewController.h; sourceTree = "<group>"; };
		F41B8282112598BA003B438C /* AugmentedViewController.m */ = {isa = PBXFileReference; fileEncoding = 4; lastKnownFileType = sourcecode.c.objc; name = AugmentedViewController.m; path = AugmentedView/AugmentedViewController.m; sourceTree = "<group>"; };
		F41B8287112598C7003B438C /* MapView.h */ = {isa = PBXFileReference; fileEncoding = 4; lastKnownFileType = sourcecode.c.h; name = MapView.h; path = MapView/MapView.h; sourceTree = "<group>"; };
		F41B8288112598C7003B438C /* MapView.m */ = {isa = PBXFileReference; fileEncoding = 4; lastKnownFileType = sourcecode.c.objc; name = MapView.m; path = MapView/MapView.m; sourceTree = "<group>"; };
		F41B8289112598C7003B438C /* MapViewController.h */ = {isa = PBXFileReference; fileEncoding = 4; lastKnownFileType = sourcecode.c.h; name = MapViewController.h; path = MapView/MapViewController.h; sourceTree = "<group>"; };
		F41B828A112598C7003B438C /* MapViewController.m */ = {isa = PBXFileReference; fileEncoding = 4; lastKnownFileType = sourcecode.c.objc; name = MapViewController.m; path = MapView/MapViewController.m; sourceTree = "<group>"; };
		F41B828D112598D1003B438C /* ARViewProtocol.h */ = {isa = PBXFileReference; fileEncoding = 4; lastKnownFileType = sourcecode.c.h; name = ARViewProtocol.h; path = Classes/ARViewProtocol.h; sourceTree = "<group>"; };
		F41B828E112598DD003B438C /* AugmentedView.xib */ = {isa = PBXFileReference; lastKnownFileType = file.xib; name = AugmentedView.xib; path = Resources/AugmentedView.xib; sourceTree = "<group>"; };
		F41B828F112598DD003B438C /* FlipsideView.xib */ = {isa = PBXFileReference; lastKnownFileType = file.xib; name = FlipsideView.xib; path = Resources/FlipsideView.xib; sourceTree = "<group>"; };
		F41B8290112598DD003B438C /* MainView.xib */ = {isa = PBXFileReference; lastKnownFileType = file.xib; name = MainView.xib; path = Resources/MainView.xib; sourceTree = "<group>"; };
		F41B8291112598DD003B438C /* MainWindow.xib */ = {isa = PBXFileReference; lastKnownFileType = file.xib; name = MainWindow.xib; path = Resources/MainWindow.xib; sourceTree = "<group>"; };
		F41B8292112598DD003B438C /* MapView.xib */ = {isa = PBXFileReference; lastKnownFileType = file.xib; name = MapView.xib; path = Resources/MapView.xib; sourceTree = "<group>"; };
		F41D7AA611411A5F0011145A /* icon.png */ = {isa = PBXFileReference; lastKnownFileType = image.png; path = icon.png; sourceTree = "<group>"; };
		F41D7B00114157720011145A /* coolbuttonmask.png */ = {isa = PBXFileReference; lastKnownFileType = image.png; name = coolbuttonmask.png; path = Images/coolbuttonmask.png; sourceTree = "<group>"; };
		F41FF247112D37650015A2B1 /* SwedishGridTests.m */ = {isa = PBXFileReference; fileEncoding = 4; lastKnownFileType = sourcecode.c.objc; name = SwedishGridTests.m; path = Tests/SwedishGridTests.m; sourceTree = "<group>"; };
		F421F50D112BDD03003D46D8 /* VTApiHandler.h */ = {isa = PBXFileReference; fileEncoding = 4; lastKnownFileType = sourcecode.c.h; name = VTApiHandler.h; path = Vasttrafik/VTApiHandler.h; sourceTree = "<group>"; };
		F421F50E112BDD03003D46D8 /* VTApiHandler.m */ = {isa = PBXFileReference; fileEncoding = 4; lastKnownFileType = sourcecode.c.objc; name = VTApiHandler.m; path = Vasttrafik/VTApiHandler.m; sourceTree = "<group>"; };
		F421F61D112C0393003D46D8 /* VTAnnotation.h */ = {isa = PBXFileReference; fileEncoding = 4; lastKnownFileType = sourcecode.c.h; name = VTAnnotation.h; path = Vasttrafik/VTAnnotation.h; sourceTree = "<group>"; };
		F421F61E112C0393003D46D8 /* VTAnnotation.m */ = {isa = PBXFileReference; fileEncoding = 4; lastKnownFileType = sourcecode.c.objc; name = VTAnnotation.m; path = Vasttrafik/VTAnnotation.m; sourceTree = "<group>"; };
		F421F6DA112C2FDB003D46D8 /* VTForecast.h */ = {isa = PBXFileReference; fileEncoding = 4; lastKnownFileType = sourcecode.c.h; name = VTForecast.h; path = Vasttrafik/VTForecast.h; sourceTree = "<group>"; };
		F421F6DB112C2FDB003D46D8 /* VTForecast.m */ = {isa = PBXFileReference; fileEncoding = 4; lastKnownFileType = sourcecode.c.objc; name = VTForecast.m; path = Vasttrafik/VTForecast.m; sourceTree = "<group>"; };
		F421F880112C464E003D46D8 /* VTLineInfo.h */ = {isa = PBXFileReference; fileEncoding = 4; lastKnownFileType = sourcecode.c.h; name = VTLineInfo.h; path = Vasttrafik/VTLineInfo.h; sourceTree = "<group>"; };
		F421F881112C464E003D46D8 /* VTLineInfo.m */ = {isa = PBXFileReference; fileEncoding = 4; lastKnownFileType = sourcecode.c.objc; name = VTLineInfo.m; path = Vasttrafik/VTLineInfo.m; sourceTree = "<group>"; };
		F424F79D117C735A00D8C5FF /* VTTableViewCell.xib */ = {isa = PBXFileReference; lastKnownFileType = file.xib; path = VTTableViewCell.xib; sourceTree = "<group>"; };
		F424F7C1117C839A00D8C5FF /* low_floor.gif */ = {isa = PBXFileReference; lastKnownFileType = image.gif; name = low_floor.gif; path = Images/low_floor.gif; sourceTree = "<group>"; };
		F4253E96113EA08A0089952F /* handicap.gif */ = {isa = PBXFileReference; lastKnownFileType = image.gif; name = handicap.gif; path = Images/handicap.gif; sourceTree = "<group>"; };
		F4274BC0112AA66D0018F77C /* AugmentedCalloutBubbleController.h */ = {isa = PBXFileReference; fileEncoding = 4; lastKnownFileType = sourcecode.c.h; name = AugmentedCalloutBubbleController.h; path = AugmentedView/AugmentedCalloutBubbleController.h; sourceTree = "<group>"; };
		F4274BC1112AA66D0018F77C /* AugmentedCalloutBubbleController.m */ = {isa = PBXFileReference; fileEncoding = 4; lastKnownFileType = sourcecode.c.objc; name = AugmentedCalloutBubbleController.m; path = AugmentedView/AugmentedCalloutBubbleController.m; sourceTree = "<group>"; };
		F4274BC2112AA66D0018F77C /* AugmentedCalloutBubbleView.xib */ = {isa = PBXFileReference; lastKnownFileType = file.xib; name = AugmentedCalloutBubbleView.xib; path = AugmentedView/AugmentedCalloutBubbleView.xib; sourceTree = "<group>"; };
		F42DB7CD11994BAD006C0870 /* lock.png */ = {isa = PBXFileReference; lastKnownFileType = image.png; name = lock.png; path = Images/lock.png; sourceTree = "<group>"; };
		F42DB7CE11994BAD006C0870 /* unlock.png */ = {isa = PBXFileReference; lastKnownFileType = image.png; name = unlock.png; path = Images/unlock.png; sourceTree = "<group>"; };
		F434D91F1121546E00DF67CE /* CoordinatesTests.octest */ = {isa = PBXFileReference; explicitFileType = wrapper.cfbundle; includeInIndex = 0; path = CoordinatesTests.octest; sourceTree = BUILT_PRODUCTS_DIR; };
		F434D9201121546E00DF67CE /* CoordinatesTests-Info.plist */ = {isa = PBXFileReference; lastKnownFileType = text.plist.xml; path = "CoordinatesTests-Info.plist"; sourceTree = "<group>"; };
		F43B4DE711104AF900C312F4 /* MapKit.framework */ = {isa = PBXFileReference; lastKnownFileType = wrapper.framework; name = MapKit.framework; path = System/Library/Frameworks/MapKit.framework; sourceTree = SDKROOT; };
		F43B4E861110725E00C312F4 /* QuartzCore.framework */ = {isa = PBXFileReference; lastKnownFileType = wrapper.framework; name = QuartzCore.framework; path = System/Library/Frameworks/QuartzCore.framework; sourceTree = SDKROOT; };
		F43D8A4511452C5800DF4EE9 /* iTunesArtwork */ = {isa = PBXFileReference; lastKnownFileType = file; path = iTunesArtwork; sourceTree = "<group>"; };
		F441738A110F232600CBFE29 /* MainViewController.h */ = {isa = PBXFileReference; fileEncoding = 4; lastKnownFileType = sourcecode.c.h; name = MainViewController.h; path = Classes/MainViewController.h; sourceTree = "<group>"; };
		F441738B110F232600CBFE29 /* MainViewController.m */ = {isa = PBXFileReference; fileEncoding = 4; lastKnownFileType = sourcecode.c.objc; name = MainViewController.m; path = Classes/MainViewController.m; sourceTree = "<group>"; };
		F44173D8110F252C00CBFE29 /* FlipsideViewController.h */ = {isa = PBXFileReference; fileEncoding = 4; lastKnownFileType = sourcecode.c.h; name = FlipsideViewController.h; path = Classes/FlipsideViewController.h; sourceTree = "<group>"; };
		F44173D9110F252C00CBFE29 /* FlipsideViewController.m */ = {isa = PBXFileReference; fileEncoding = 4; lastKnownFileType = sourcecode.c.objc; name = FlipsideViewController.m; path = Classes/FlipsideViewController.m; sourceTree = "<group>"; };
		F4417439110F31FF00CBFE29 /* AugmentedMPN_Prefix.pch */ = {isa = PBXFileReference; fileEncoding = 4; lastKnownFileType = sourcecode.c.h; path = AugmentedMPN_Prefix.pch; sourceTree = "<group>"; };
		F448B966116356300042B9C8 /* JSON.h */ = {isa = PBXFileReference; fileEncoding = 4; lastKnownFileType = sourcecode.c.h; path = JSON.h; sourceTree = "<group>"; };
		F448B967116356300042B9C8 /* NSObject+SBJSON.h */ = {isa = PBXFileReference; fileEncoding = 4; lastKnownFileType = sourcecode.c.h; path = "NSObject+SBJSON.h"; sourceTree = "<group>"; };
		F448B968116356300042B9C8 /* NSObject+SBJSON.m */ = {isa = PBXFileReference; fileEncoding = 4; lastKnownFileType = sourcecode.c.objc; path = "NSObject+SBJSON.m"; sourceTree = "<group>"; };
		F448B969116356300042B9C8 /* NSString+SBJSON.h */ = {isa = PBXFileReference; fileEncoding = 4; lastKnownFileType = sourcecode.c.h; path = "NSString+SBJSON.h"; sourceTree = "<group>"; };
		F448B96A116356300042B9C8 /* NSString+SBJSON.m */ = {isa = PBXFileReference; fileEncoding = 4; lastKnownFileType = sourcecode.c.objc; path = "NSString+SBJSON.m"; sourceTree = "<group>"; };
		F448B96B116356300042B9C8 /* SBJSON.h */ = {isa = PBXFileReference; fileEncoding = 4; lastKnownFileType = sourcecode.c.h; path = SBJSON.h; sourceTree = "<group>"; };
		F448B96C116356300042B9C8 /* SBJSON.m */ = {isa = PBXFileReference; fileEncoding = 4; lastKnownFileType = sourcecode.c.objc; path = SBJSON.m; sourceTree = "<group>"; };
		F448B96D116356300042B9C8 /* SBJsonBase.h */ = {isa = PBXFileReference; fileEncoding = 4; lastKnownFileType = sourcecode.c.h; path = SBJsonBase.h; sourceTree = "<group>"; };
		F448B96E116356300042B9C8 /* SBJsonBase.m */ = {isa = PBXFileReference; fileEncoding = 4; lastKnownFileType = sourcecode.c.objc; path = SBJsonBase.m; sourceTree = "<group>"; };
		F448B96F116356300042B9C8 /* SBJsonParser.h */ = {isa = PBXFileReference; fileEncoding = 4; lastKnownFileType = sourcecode.c.h; path = SBJsonParser.h; sourceTree = "<group>"; };
		F448B970116356300042B9C8 /* SBJsonParser.m */ = {isa = PBXFileReference; fileEncoding = 4; lastKnownFileType = sourcecode.c.objc; path = SBJsonParser.m; sourceTree = "<group>"; };
		F448B971116356300042B9C8 /* SBJsonWriter.h */ = {isa = PBXFileReference; fileEncoding = 4; lastKnownFileType = sourcecode.c.h; path = SBJsonWriter.h; sourceTree = "<group>"; };
		F448B972116356300042B9C8 /* SBJsonWriter.m */ = {isa = PBXFileReference; fileEncoding = 4; lastKnownFileType = sourcecode.c.objc; path = SBJsonWriter.m; sourceTree = "<group>"; };
		F44F3A9D11185CF800AA2B22 /* CoreLocation.framework */ = {isa = PBXFileReference; lastKnownFileType = wrapper.framework; name = CoreLocation.framework; path = System/Library/Frameworks/CoreLocation.framework; sourceTree = SDKROOT; };
		F452E008114000C7001DBB87 /* needleandshadow.png */ = {isa = PBXFileReference; lastKnownFileType = image.png; name = needleandshadow.png; path = Images/needleandshadow.png; sourceTree = "<group>"; };
		F455FCD911A27B6E005716FB /* map_mask.png */ = {isa = PBXFileReference; lastKnownFileType = image.png; name = map_mask.png; path = Images/map_mask.png; sourceTree = "<group>"; };
		F4870A1711789610007F8E0C /* zh */ = {isa = PBXFileReference; lastKnownFileType = text.plist.strings; name = zh; path = Resources/zh.lproj/Localizable.strings; sourceTree = "<group>"; };
		F4FAB9FC1121698D0065CF90 /* SenTestingKit.framework */ = {isa = PBXFileReference; lastKnownFileType = wrapper.framework; name = SenTestingKit.framework; path = Developer/Library/Frameworks/SenTestingKit.framework; sourceTree = SDKROOT; };
/* End PBXFileReference section */

/* Begin PBXFrameworksBuildPhase section */
		1D60588F0D05DD3D006BFB54 /* Frameworks */ = {
			isa = PBXFrameworksBuildPhase;
			buildActionMask = 2147483647;
			files = (
				1D60589F0D05DD5A006BFB54 /* Foundation.framework in Frameworks */,
				1DF5F4E00D08C38300B7A737 /* UIKit.framework in Frameworks */,
				288765590DF743DE002DB57D /* CoreGraphics.framework in Frameworks */,
				F43B4DE811104AF900C312F4 /* MapKit.framework in Frameworks */,
				F43B4E871110725E00C312F4 /* QuartzCore.framework in Frameworks */,
				F44F3A9E11185CF800AA2B22 /* CoreLocation.framework in Frameworks */,
			);
			runOnlyForDeploymentPostprocessing = 0;
		};
		F434D91C1121546E00DF67CE /* Frameworks */ = {
			isa = PBXFrameworksBuildPhase;
			buildActionMask = 2147483647;
			files = (
				F41FF29D112D38840015A2B1 /* UIKit.framework in Frameworks */,
				F4FABA9811216D650065CF90 /* CoreLocation.framework in Frameworks */,
				F4FAB9FD1121698D0065CF90 /* SenTestingKit.framework in Frameworks */,
			);
			runOnlyForDeploymentPostprocessing = 0;
		};
/* End PBXFrameworksBuildPhase section */

/* Begin PBXGroup section */
		080E96DDFE201D6D7F000001 /* Application Delegate */ = {
			isa = PBXGroup;
			children = (
				1D3623240D0F684500981E51 /* AugmentedMPNAppDelegate.h */,
				1D3623250D0F684500981E51 /* AugmentedMPNAppDelegate.m */,
			);
			name = "Application Delegate";
			path = Classes;
			sourceTree = "<group>";
		};
		19C28FACFE9D520D11CA2CBB /* Products */ = {
			isa = PBXGroup;
			children = (
				1D6058910D05DD3D006BFB54 /* AugmentedMPN.app */,
				F434D91F1121546E00DF67CE /* CoordinatesTests.octest */,
			);
			name = Products;
			sourceTree = "<group>";
		};
		281C6CD70DB2D82200F60ACC /* Flipside View */ = {
			isa = PBXGroup;
			children = (
				F44173D8110F252C00CBFE29 /* FlipsideViewController.h */,
				F44173D9110F252C00CBFE29 /* FlipsideViewController.m */,
				289233A20DB2D0840083E9F9 /* FlipsideView.h */,
				289233A30DB2D0840083E9F9 /* FlipsideView.m */,
			);
			name = "Flipside View";
			sourceTree = "<group>";
		};
		289233A00DB2D0730083E9F9 /* Main View */ = {
			isa = PBXGroup;
			children = (
				F41B828D112598D1003B438C /* ARViewProtocol.h */,
				F441738A110F232600CBFE29 /* MainViewController.h */,
				F441738B110F232600CBFE29 /* MainViewController.m */,
				289233A40DB2D0840083E9F9 /* MainView.h */,
				289233A50DB2D0840083E9F9 /* MainView.m */,
			);
			name = "Main View";
			sourceTree = "<group>";
		};
		29B97314FDCFA39411CA2CEA /* CustomTemplate */ = {
			isa = PBXGroup;
			children = (
				F448B965116356300042B9C8 /* JSON */,
				F41D7AA611411A5F0011145A /* icon.png */,
				F43D8A4511452C5800DF4EE9 /* iTunesArtwork */,
				F434D8FD1121534800DF67CE /* Tests */,
				F425E990111B208A00D2FC2A /* Images */,
				F421F50C112BDCD3003D46D8 /* Västtrafik */,
				F42971321119CC8F0016CDA2 /* MPN */,
				F43B4CBB111032AA00C312F4 /* AugmentedView */,
				F43B4CBA111032A100C312F4 /* MapView */,
				289233A00DB2D0730083E9F9 /* Main View */,
				281C6CD70DB2D82200F60ACC /* Flipside View */,
				080E96DDFE201D6D7F000001 /* Application Delegate */,
				29B97315FDCFA39411CA2CEA /* Other Sources */,
				29B97317FDCFA39411CA2CEA /* Resources */,
				29B97323FDCFA39411CA2CEA /* Frameworks */,
				19C28FACFE9D520D11CA2CBB /* Products */,
				F434D9201121546E00DF67CE /* CoordinatesTests-Info.plist */,
			);
			name = CustomTemplate;
			sourceTree = "<group>";
		};
		29B97315FDCFA39411CA2CEA /* Other Sources */ = {
			isa = PBXGroup;
			children = (
				F4417439110F31FF00CBFE29 /* AugmentedMPN_Prefix.pch */,
				29B97316FDCFA39411CA2CEA /* main.m */,
			);
			name = "Other Sources";
			sourceTree = "<group>";
		};
		29B97317FDCFA39411CA2CEA /* Resources */ = {
			isa = PBXGroup;
			children = (
				F40BEF71116CB0D5007D8CF3 /* Localizable.strings */,
				F4274BC2112AA66D0018F77C /* AugmentedCalloutBubbleView.xib */,
				F41B828E112598DD003B438C /* AugmentedView.xib */,
				F41B828F112598DD003B438C /* FlipsideView.xib */,
				F41B8290112598DD003B438C /* MainView.xib */,
				F41B8291112598DD003B438C /* MainWindow.xib */,
				F41B8292112598DD003B438C /* MapView.xib */,
				8D1107310486CEB800E47090 /* AugmentedMPN-Info.plist */,
				F424F79D117C735A00D8C5FF /* VTTableViewCell.xib */,
			);
			name = Resources;
			sourceTree = "<group>";
		};
		29B97323FDCFA39411CA2CEA /* Frameworks */ = {
			isa = PBXGroup;
			children = (
				F4FAB9FC1121698D0065CF90 /* SenTestingKit.framework */,
				F44F3A9D11185CF800AA2B22 /* CoreLocation.framework */,
				F43B4E861110725E00C312F4 /* QuartzCore.framework */,
				F43B4DE711104AF900C312F4 /* MapKit.framework */,
				1DF5F4DF0D08C38300B7A737 /* UIKit.framework */,
				1D30AB110D05D00D00671497 /* Foundation.framework */,
				288765580DF743DE002DB57D /* CoreGraphics.framework */,
			);
			name = Frameworks;
			sourceTree = "<group>";
		};
		F421F50C112BDCD3003D46D8 /* Västtrafik */ = {
			isa = PBXGroup;
			children = (
				F421F50D112BDD03003D46D8 /* VTApiHandler.h */,
				F421F50E112BDD03003D46D8 /* VTApiHandler.m */,
				F421F61D112C0393003D46D8 /* VTAnnotation.h */,
				F421F61E112C0393003D46D8 /* VTAnnotation.m */,
				F421F6DA112C2FDB003D46D8 /* VTForecast.h */,
				F421F6DB112C2FDB003D46D8 /* VTForecast.m */,
				F421F880112C464E003D46D8 /* VTLineInfo.h */,
				F421F881112C464E003D46D8 /* VTLineInfo.m */,
				F40071DA112EDDC300982525 /* VTTableViewCell.h */,
				F40071DB112EDDC300982525 /* VTTableViewCell.m */,
			);
			name = "Västtrafik";
			sourceTree = "<group>";
		};
		F425E990111B208A00D2FC2A /* Images */ = {
			isa = PBXGroup;
			children = (
				F455FCD911A27B6E005716FB /* map_mask.png */,
				F42DB7CD11994BAD006C0870 /* lock.png */,
				F42DB7CE11994BAD006C0870 /* unlock.png */,
				F424F7C1117C839A00D8C5FF /* low_floor.gif */,
				F41D7B00114157720011145A /* coolbuttonmask.png */,
				F452E008114000C7001DBB87 /* needleandshadow.png */,
				F4253E96113EA08A0089952F /* handicap.gif */,
				F400709A112E8D2200982525 /* coolbutton.png */,
				F41B825211259890003B438C /* augmentedpoi.png */,
				F41B825911259890003B438C /* direction.png */,
			);
			name = Images;
			sourceTree = "<group>";
		};
		F42971321119CC8F0016CDA2 /* MPN */ = {
			isa = PBXGroup;
			children = (
				F41B8278112598AD003B438C /* MPNApiHandler.h */,
				F41B8275112598AD003B438C /* MPNApiHandler.m */,
				F41B8276112598AD003B438C /* MPNAnnotation.h */,
				F41B8277112598AD003B438C /* MPNAnnotation.m */,
			);
			name = MPN;
			sourceTree = "<group>";
		};
		F434D8FD1121534800DF67CE /* Tests */ = {
			isa = PBXGroup;
			children = (
				F41B824F11259884003B438C /* CoordinatesTests.m */,
				F41FF247112D37650015A2B1 /* SwedishGridTests.m */,
			);
			name = Tests;
			sourceTree = "<group>";
		};
		F43B4CBA111032A100C312F4 /* MapView */ = {
			isa = PBXGroup;
			children = (
				F41B8287112598C7003B438C /* MapView.h */,
				F41B8288112598C7003B438C /* MapView.m */,
				F41B8289112598C7003B438C /* MapViewController.h */,
				F41B828A112598C7003B438C /* MapViewController.m */,
			);
			name = MapView;
			sourceTree = "<group>";
		};
		F43B4CBB111032AA00C312F4 /* AugmentedView */ = {
			isa = PBXGroup;
			children = (
				F41B827B112598BA003B438C /* AugmentedPoi.h */,
				F41B827C112598BA003B438C /* AugmentedPoi.m */,
				F41B827F112598BA003B438C /* AugmentedView.h */,
				F41B8280112598BA003B438C /* AugmentedView.m */,
				F41B8281112598BA003B438C /* AugmentedViewController.h */,
				F41B8282112598BA003B438C /* AugmentedViewController.m */,
				F4274BC0112AA66D0018F77C /* AugmentedCalloutBubbleController.h */,
				F4274BC1112AA66D0018F77C /* AugmentedCalloutBubbleController.m */,
			);
			name = AugmentedView;
			sourceTree = "<group>";
		};
		F448B965116356300042B9C8 /* JSON */ = {
			isa = PBXGroup;
			children = (
				F448B966116356300042B9C8 /* JSON.h */,
				F448B967116356300042B9C8 /* NSObject+SBJSON.h */,
				F448B968116356300042B9C8 /* NSObject+SBJSON.m */,
				F448B969116356300042B9C8 /* NSString+SBJSON.h */,
				F448B96A116356300042B9C8 /* NSString+SBJSON.m */,
				F448B96B116356300042B9C8 /* SBJSON.h */,
				F448B96C116356300042B9C8 /* SBJSON.m */,
				F448B96D116356300042B9C8 /* SBJsonBase.h */,
				F448B96E116356300042B9C8 /* SBJsonBase.m */,
				F448B96F116356300042B9C8 /* SBJsonParser.h */,
				F448B970116356300042B9C8 /* SBJsonParser.m */,
				F448B971116356300042B9C8 /* SBJsonWriter.h */,
				F448B972116356300042B9C8 /* SBJsonWriter.m */,
			);
			path = JSON;
			sourceTree = "<group>";
		};
/* End PBXGroup section */

/* Begin PBXNativeTarget section */
		1D6058900D05DD3D006BFB54 /* AugmentedMPN */ = {
			isa = PBXNativeTarget;
			buildConfigurationList = 1D6058960D05DD3E006BFB54 /* Build configuration list for PBXNativeTarget "AugmentedMPN" */;
			buildPhases = (
				1D60588D0D05DD3D006BFB54 /* Resources */,
				1D60588E0D05DD3D006BFB54 /* Sources */,
				1D60588F0D05DD3D006BFB54 /* Frameworks */,
				F41DCACF113D10570088B68F /* ShellScript */,
			);
			buildRules = (
			);
			dependencies = (
				F4A6A62A11219E0700D7EA67 /* PBXTargetDependency */,
			);
			name = AugmentedMPN;
			productName = AugmentedMPN;
			productReference = 1D6058910D05DD3D006BFB54 /* AugmentedMPN.app */;
			productType = "com.apple.product-type.application";
		};
		F434D91E1121546E00DF67CE /* CoordinatesTests */ = {
			isa = PBXNativeTarget;
			buildConfigurationList = F434D9241121546F00DF67CE /* Build configuration list for PBXNativeTarget "CoordinatesTests" */;
			buildPhases = (
				F434D91A1121546E00DF67CE /* Resources */,
				F434D91B1121546E00DF67CE /* Sources */,
				F434D91C1121546E00DF67CE /* Frameworks */,
				F434D91D1121546E00DF67CE /* ShellScript */,
			);
			buildRules = (
			);
			dependencies = (
			);
			name = CoordinatesTests;
			productName = CoordinatesTests;
			productReference = F434D91F1121546E00DF67CE /* CoordinatesTests.octest */;
			productType = "com.apple.product-type.bundle";
		};
/* End PBXNativeTarget section */

/* Begin PBXProject section */
		29B97313FDCFA39411CA2CEA /* Project object */ = {
			isa = PBXProject;
			buildConfigurationList = C01FCF4E08A954540054247B /* Build configuration list for PBXProject "AugmentedMPN" */;
			compatibilityVersion = "Xcode 3.1";
			hasScannedForEncodings = 1;
			knownRegions = (
				English,
				Japanese,
				French,
				German,
				en,
				sv,
				fr,
				zh,
			);
			mainGroup = 29B97314FDCFA39411CA2CEA /* CustomTemplate */;
			projectDirPath = "";
			projectRoot = "";
			targets = (
				1D6058900D05DD3D006BFB54 /* AugmentedMPN */,
				F434D91E1121546E00DF67CE /* CoordinatesTests */,
			);
		};
/* End PBXProject section */

/* Begin PBXResourcesBuildPhase section */
		1D60588D0D05DD3D006BFB54 /* Resources */ = {
			isa = PBXResourcesBuildPhase;
			buildActionMask = 2147483647;
			files = (
				F41B825B11259890003B438C /* augmentedpoi.png in Resources */,
				F41B826211259890003B438C /* direction.png in Resources */,
				F41B8293112598DD003B438C /* AugmentedView.xib in Resources */,
				F41B8294112598DD003B438C /* FlipsideView.xib in Resources */,
				F41B8295112598DD003B438C /* MainView.xib in Resources */,
				F41B8296112598DD003B438C /* MainWindow.xib in Resources */,
				F41B8297112598DD003B438C /* MapView.xib in Resources */,
				F4274BC4112AA66D0018F77C /* AugmentedCalloutBubbleView.xib in Resources */,
				F40070A4112E8E8200982525 /* coolbutton.png in Resources */,
				F4253E97113EA08A0089952F /* handicap.gif in Resources */,
				F452E009114000C7001DBB87 /* needleandshadow.png in Resources */,
				F41D7AA711411A5F0011145A /* icon.png in Resources */,
				F41D7B01114157720011145A /* coolbuttonmask.png in Resources */,
				F43D8A4611452C5800DF4EE9 /* iTunesArtwork in Resources */,
				F40BEF74116CB0D5007D8CF3 /* Localizable.strings in Resources */,
				F424F79E117C735A00D8C5FF /* VTTableViewCell.xib in Resources */,
				F424F7C2117C839A00D8C5FF /* low_floor.gif in Resources */,
				F42DB7CF11994BAD006C0870 /* lock.png in Resources */,
				F42DB7D011994BAD006C0870 /* unlock.png in Resources */,
				F455FCDA11A27B6E005716FB /* map_mask.png in Resources */,
			);
			runOnlyForDeploymentPostprocessing = 0;
		};
		F434D91A1121546E00DF67CE /* Resources */ = {
			isa = PBXResourcesBuildPhase;
			buildActionMask = 2147483647;
			files = (
				F400709B112E8D2200982525 /* coolbutton.png in Resources */,
				F40BEF73116CB0D5007D8CF3 /* Localizable.strings in Resources */,
			);
			runOnlyForDeploymentPostprocessing = 0;
		};
/* End PBXResourcesBuildPhase section */

/* Begin PBXShellScriptBuildPhase section */
		F41DCACF113D10570088B68F /* ShellScript */ = {
			isa = PBXShellScriptBuildPhase;
			buildActionMask = 2147483647;
			files = (
			);
			inputPaths = (
			);
			outputPaths = (
			);
			runOnlyForDeploymentPostprocessing = 0;
			shellPath = /bin/sh;
			shellScript = "/Applications/Doxygen.app/Contents/Resources/doxygen Doxyfile";
		};
		F434D91D1121546E00DF67CE /* ShellScript */ = {
			isa = PBXShellScriptBuildPhase;
			buildActionMask = 2147483647;
			files = (
			);
			inputPaths = (
			);
			outputPaths = (
			);
			runOnlyForDeploymentPostprocessing = 0;
			shellPath = /bin/sh;
			shellScript = "# Run the unit tests in this test bundle.\n\"${SYSTEM_DEVELOPER_DIR}/Tools/RunUnitTests\"\n";
		};
/* End PBXShellScriptBuildPhase section */

/* Begin PBXSourcesBuildPhase section */
		1D60588E0D05DD3D006BFB54 /* Sources */ = {
			isa = PBXSourcesBuildPhase;
			buildActionMask = 2147483647;
			files = (
				1D60589B0D05DD56006BFB54 /* main.m in Sources */,
				1D3623260D0F684500981E51 /* AugmentedMPNAppDelegate.m in Sources */,
				289233A60DB2D0840083E9F9 /* FlipsideView.m in Sources */,
				289233A70DB2D0840083E9F9 /* MainView.m in Sources */,
				F441738C110F232600CBFE29 /* MainViewController.m in Sources */,
				F44173DA110F252C00CBFE29 /* FlipsideViewController.m in Sources */,
				F41B8283112598BA003B438C /* AugmentedPoi.m in Sources */,
				F41B8285112598BA003B438C /* AugmentedView.m in Sources */,
				F41B8286112598BA003B438C /* AugmentedViewController.m in Sources */,
				F41B828B112598C7003B438C /* MapView.m in Sources */,
				F41B828C112598C7003B438C /* MapViewController.m in Sources */,
				F4274BC3112AA66D0018F77C /* AugmentedCalloutBubbleController.m in Sources */,
				F421F50F112BDD03003D46D8 /* VTApiHandler.m in Sources */,
				F421F61F112C0393003D46D8 /* VTAnnotation.m in Sources */,
				F421F6DC112C2FDB003D46D8 /* VTForecast.m in Sources */,
				F421F882112C464E003D46D8 /* VTLineInfo.m in Sources */,
				F40071DC112EDDC300982525 /* VTTableViewCell.m in Sources */,
				F448B973116356300042B9C8 /* NSObject+SBJSON.m in Sources */,
				F448B974116356300042B9C8 /* NSString+SBJSON.m in Sources */,
				F448B975116356300042B9C8 /* SBJSON.m in Sources */,
				F448B976116356300042B9C8 /* SBJsonBase.m in Sources */,
				F448B977116356300042B9C8 /* SBJsonParser.m in Sources */,
				F448B978116356300042B9C8 /* SBJsonWriter.m in Sources */,
			);
			runOnlyForDeploymentPostprocessing = 0;
		};
		F434D91B1121546E00DF67CE /* Sources */ = {
			isa = PBXSourcesBuildPhase;
			buildActionMask = 2147483647;
			files = (
				F41B8299112598F0003B438C /* CoordinatesTests.m in Sources */,
				F41B829A112598F5003B438C /* MPNAnnotation.m in Sources */,
				F41B829B112598F8003B438C /* AugmentedPoi.m in Sources */,
				F41FF248112D37650015A2B1 /* SwedishGridTests.m in Sources */,
				F41FF249112D37CD0015A2B1 /* VTApiHandler.m in Sources */,
				F41FF24A112D37D40015A2B1 /* VTAnnotation.m in Sources */,
				F41FF24B112D37D80015A2B1 /* VTForecast.m in Sources */,
				F41FF24C112D37DB0015A2B1 /* VTLineInfo.m in Sources */,
				F448B991116365AB0042B9C8 /* SBJsonWriter.m in Sources */,
				F448B992116365AB0042B9C8 /* NSString+SBJSON.m in Sources */,
				F448B993116365AD0042B9C8 /* SBJSON.m in Sources */,
				F448B994116365AE0042B9C8 /* SBJsonBase.m in Sources */,
				F448B995116365B10042B9C8 /* NSObject+SBJSON.m in Sources */,
				F448B996116365B10042B9C8 /* SBJsonParser.m in Sources */,
			);
			runOnlyForDeploymentPostprocessing = 0;
		};
/* End PBXSourcesBuildPhase section */

/* Begin PBXTargetDependency section */
		F4A6A62A11219E0700D7EA67 /* PBXTargetDependency */ = {
			isa = PBXTargetDependency;
			target = F434D91E1121546E00DF67CE /* CoordinatesTests */;
			targetProxy = F4A6A62911219E0700D7EA67 /* PBXContainerItemProxy */;
		};
/* End PBXTargetDependency section */

/* Begin PBXVariantGroup section */
		F40BEF71116CB0D5007D8CF3 /* Localizable.strings */ = {
			isa = PBXVariantGroup;
			children = (
				F40BEF72116CB0D5007D8CF3 /* en */,
				F40BEF79116CB0FD007D8CF3 /* sv */,
				F40BEF8D116CB6FF007D8CF3 /* fr */,
				F4870A1711789610007F8E0C /* zh */,
			);
			name = Localizable.strings;
			sourceTree = "<group>";
		};
/* End PBXVariantGroup section */

/* Begin XCBuildConfiguration section */
		1D6058940D05DD3E006BFB54 /* Debug */ = {
			isa = XCBuildConfiguration;
			buildSettings = {
				ALWAYS_SEARCH_USER_PATHS = NO;
				COPY_PHASE_STRIP = NO;
				FRAMEWORK_SEARCH_PATHS = (
					"$(inherited)",
					"\"$(SDKROOT)$(SYSTEM_LIBRARY_DIR)/PrivateFrameworks\"",
				);
				GCC_DYNAMIC_NO_PIC = NO;
				GCC_OPTIMIZATION_LEVEL = 0;
				GCC_PRECOMPILE_PREFIX_HEADER = YES;
				GCC_PREFIX_HEADER = AugmentedMPN_Prefix.pch;
				INFOPLIST_FILE = "AugmentedMPN-Info.plist";
				PRODUCT_NAME = AugmentedMPN;
				SDKROOT = iphoneos3.1.2;
			};
			name = Debug;
		};
		1D6058950D05DD3E006BFB54 /* Release */ = {
			isa = XCBuildConfiguration;
			buildSettings = {
				ALWAYS_SEARCH_USER_PATHS = NO;
				COPY_PHASE_STRIP = YES;
				FRAMEWORK_SEARCH_PATHS = (
					"$(inherited)",
					"\"$(SDKROOT)$(SYSTEM_LIBRARY_DIR)/PrivateFrameworks\"",
				);
				GCC_PRECOMPILE_PREFIX_HEADER = YES;
				GCC_PREFIX_HEADER = AugmentedMPN_Prefix.pch;
				INFOPLIST_FILE = "AugmentedMPN-Info.plist";
				PRODUCT_NAME = AugmentedMPN;
			};
			name = Release;
		};
		C01FCF4F08A954540054247B /* Debug */ = {
			isa = XCBuildConfiguration;
			buildSettings = {
				ARCHS = "$(ARCHS_STANDARD_32_BIT)";
				"CODE_SIGN_IDENTITY[sdk=iphoneos*]" = "iPhone Developer";
				GCC_C_LANGUAGE_STANDARD = c99;
				GCC_WARN_ABOUT_RETURN_TYPE = YES;
				GCC_WARN_UNUSED_VARIABLE = YES;
				PREBINDING = NO;
				SDKROOT = iphoneos3.1.2;
			};
			name = Debug;
		};
		C01FCF5008A954540054247B /* Release */ = {
			isa = XCBuildConfiguration;
			buildSettings = {
				ARCHS = "$(ARCHS_STANDARD_32_BIT)";
				"CODE_SIGN_IDENTITY[sdk=iphoneos*]" = "iPhone Developer";
				GCC_C_LANGUAGE_STANDARD = c99;
				GCC_WARN_ABOUT_RETURN_TYPE = YES;
				GCC_WARN_UNUSED_VARIABLE = YES;
				PREBINDING = NO;
				SDKROOT = iphoneos3.1.2;
			};
			name = Release;
		};
		F434D9221121546F00DF67CE /* Debug */ = {
			isa = XCBuildConfiguration;
			buildSettings = {
				ALWAYS_SEARCH_USER_PATHS = NO;
				"CODE_SIGN_IDENTITY[sdk=iphoneos*]" = "iPhone Developer: Nils Svangard (67KFB42LQ5)";
				COPY_PHASE_STRIP = NO;
				FRAMEWORK_SEARCH_PATHS = (
					"\"$(SDKROOT)/Developer/Library/Frameworks\"",
					"\"$(DEVELOPER_LIBRARY_DIR)/Frameworks\"",
					"\"$(SDKROOT)$(DEVELOPER_FRAMEWORKS_DIR)\"",
				);
				GCC_DYNAMIC_NO_PIC = NO;
				GCC_ENABLE_FIX_AND_CONTINUE = NO;
				GCC_ENABLE_OBJC_EXCEPTIONS = YES;
				GCC_OPTIMIZATION_LEVEL = 0;
				INFOPLIST_FILE = "CoordinatesTests-Info.plist";
				OTHER_LDFLAGS = (
					"-framework",
					Foundation,
					"-framework",
					SenTestingKit,
					"-framework",
					UIKit,
				);
				PREBINDING = NO;
				PRODUCT_NAME = CoordinatesTests;
				SDKROOT = iphonesimulator3.1.3;
				WRAPPER_EXTENSION = octest;
			};
			name = Debug;
		};
		F434D9231121546F00DF67CE /* Release */ = {
			isa = XCBuildConfiguration;
			buildSettings = {
				ALWAYS_SEARCH_USER_PATHS = NO;
				COPY_PHASE_STRIP = YES;
				DEBUG_INFORMATION_FORMAT = "dwarf-with-dsym";
				FRAMEWORK_SEARCH_PATHS = (
					"\"$(SDKROOT)/Developer/Library/Frameworks\"",
					"\"$(DEVELOPER_LIBRARY_DIR)/Frameworks\"",
					"\"$(SDKROOT)$(DEVELOPER_FRAMEWORKS_DIR)\"",
				);
				GCC_ENABLE_FIX_AND_CONTINUE = NO;
				GCC_ENABLE_OBJC_EXCEPTIONS = YES;
				INFOPLIST_FILE = "CoordinatesTests-Info.plist";
				OTHER_LDFLAGS = (
					"-framework",
					Foundation,
					"-framework",
					SenTestingKit,
					"-framework",
					UIKit,
				);
				PREBINDING = NO;
				PRODUCT_NAME = CoordinatesTests;
				WRAPPER_EXTENSION = octest;
				ZERO_LINK = NO;
			};
			name = Release;
		};
		F452DEA2113FB196001DBB87 /* Distribution */ = {
			isa = XCBuildConfiguration;
			buildSettings = {
				ARCHS = "$(ARCHS_STANDARD_32_BIT)";
				"CODE_SIGN_IDENTITY[sdk=iphoneos*]" = "iPhone Developer";
				GCC_C_LANGUAGE_STANDARD = c99;
				GCC_WARN_ABOUT_RETURN_TYPE = YES;
				GCC_WARN_UNUSED_VARIABLE = YES;
				PREBINDING = NO;
				SDKROOT = iphoneos3.1.2;
			};
			name = Distribution;
		};
		F452DEA3113FB196001DBB87 /* Distribution */ = {
			isa = XCBuildConfiguration;
			buildSettings = {
				ALWAYS_SEARCH_USER_PATHS = NO;
				"CODE_SIGN_IDENTITY[sdk=iphoneos*]" = "iPhone Distribution";
				COPY_PHASE_STRIP = YES;
				FRAMEWORK_SEARCH_PATHS = (
					"$(inherited)",
					"\"$(SDKROOT)$(SYSTEM_LIBRARY_DIR)/PrivateFrameworks\"",
				);
				GCC_PRECOMPILE_PREFIX_HEADER = YES;
				GCC_PREFIX_HEADER = AugmentedMPN_Prefix.pch;
				INFOPLIST_FILE = "AugmentedMPN-Info.plist";
				PRODUCT_NAME = AugmentedMPN;
				"PROVISIONING_PROFILE[sdk=iphoneos*]" = "";
			};
			name = Distribution;
		};
		F452DEA4113FB196001DBB87 /* Distribution */ = {
			isa = XCBuildConfiguration;
			buildSettings = {
				ALWAYS_SEARCH_USER_PATHS = NO;
				COPY_PHASE_STRIP = YES;
				DEBUG_INFORMATION_FORMAT = "dwarf-with-dsym";
				FRAMEWORK_SEARCH_PATHS = (
					"\"$(SDKROOT)/Developer/Library/Frameworks\"",
					"\"$(DEVELOPER_LIBRARY_DIR)/Frameworks\"",
					"\"$(SDKROOT)$(DEVELOPER_FRAMEWORKS_DIR)\"",
				);
				GCC_ENABLE_FIX_AND_CONTINUE = NO;
				GCC_ENABLE_OBJC_EXCEPTIONS = YES;
				INFOPLIST_FILE = "CoordinatesTests-Info.plist";
				OTHER_LDFLAGS = (
					"-framework",
					Foundation,
					"-framework",
					SenTestingKit,
					"-framework",
					UIKit,
				);
				PREBINDING = NO;
				PRODUCT_NAME = CoordinatesTests;
				WRAPPER_EXTENSION = octest;
				ZERO_LINK = NO;
			};
			name = Distribution;
		};
/* End XCBuildConfiguration section */

/* Begin XCConfigurationList section */
		1D6058960D05DD3E006BFB54 /* Build configuration list for PBXNativeTarget "AugmentedMPN" */ = {
			isa = XCConfigurationList;
			buildConfigurations = (
				1D6058940D05DD3E006BFB54 /* Debug */,
				1D6058950D05DD3E006BFB54 /* Release */,
				F452DEA3113FB196001DBB87 /* Distribution */,
			);
			defaultConfigurationIsVisible = 0;
			defaultConfigurationName = Release;
		};
		C01FCF4E08A954540054247B /* Build configuration list for PBXProject "AugmentedMPN" */ = {
			isa = XCConfigurationList;
			buildConfigurations = (
				C01FCF4F08A954540054247B /* Debug */,
				C01FCF5008A954540054247B /* Release */,
				F452DEA2113FB196001DBB87 /* Distribution */,
			);
			defaultConfigurationIsVisible = 0;
			defaultConfigurationName = Release;
		};
		F434D9241121546F00DF67CE /* Build configuration list for PBXNativeTarget "CoordinatesTests" */ = {
			isa = XCConfigurationList;
			buildConfigurations = (
				F434D9221121546F00DF67CE /* Debug */,
				F434D9231121546F00DF67CE /* Release */,
				F452DEA4113FB196001DBB87 /* Distribution */,
			);
			defaultConfigurationIsVisible = 0;
			defaultConfigurationName = Release;
		};
/* End XCConfigurationList section */
	};
	rootObject = 29B97313FDCFA39411CA2CEA /* Project object */;
}
